
Microsoft Visual Studio Solution File, Format Version 12.00
# Visual Studio 2012
Project("{FAE04EC0-301F-11D3-BF4B-00C04F79EFBC}") = "ResourcesService", "ResourcesService\ResourcesService.csproj", "{7E9D5BC2-3229-4EE8-8C82-76195AB13F9B}"
EndProject
Global
	GlobalSection(SolutionConfigurationPlatforms) = preSolution
		Debug|Any CPU = Debug|Any CPU
		Release|Any CPU = Release|Any CPU
	EndGlobalSection
	GlobalSection(ProjectConfigurationPlatforms) = postSolution
		{7E9D5BC2-3229-4EE8-8C82-76195AB13F9B}.Debug|Any CPU.ActiveCfg = Debug|Any CPU
		{7E9D5BC2-3229-4EE8-8C82-76195AB13F9B}.Debug|Any CPU.Build.0 = Debug|Any CPU
		{7E9D5BC2-3229-4EE8-8C82-76195AB13F9B}.Release|Any CPU.ActiveCfg = Release|Any CPU
		{7E9D5BC2-3229-4EE8-8C82-76195AB13F9B}.Release|Any CPU.Build.0 = Release|Any CPU
	EndGlobalSection
	GlobalSection(SolutionProperties) = preSolution
		HideSolutionNode = FALSE
	EndGlobalSection
EndGlobal
